
Microsoft Visual Studio Solution File, Format Version 12.00
# Visual Studio Version 16
VisualStudioVersion = 16.0.29102.190
MinimumVisualStudioVersion = 10.0.40219.1
Project("{FAE04EC0-301F-11D3-BF4B-00C04F79EFBC}") = "MikuMikuLibrary", "MikuMikuLibrary\MikuMikuLibrary.csproj", "{9C7171CA-7379-458F-A9CA-293BBF2C74DC}"
EndProject
Project("{2150E333-8FDC-42A3-9474-1A3956D46DE8}") = "CliTools", "CliTools", "{A8B4CE90-CD9B-4AFE-AE12-B53838BB02F7}"
EndProject
Project("{FAE04EC0-301F-11D3-BF4B-00C04F79EFBC}") = "MikuMikuModel", "MikuMikuModel\MikuMikuModel.csproj", "{C79FAC4B-D1DD-4F2D-BC92-A72C00E07931}"
	ProjectSection(ProjectDependencies) = postProject
		{2C3B66BB-F1A9-4513-AB63-570D7687C6A7} = {2C3B66BB-F1A9-4513-AB63-570D7687C6A7}
	EndProjectSection
EndProject
Project("{FAE04EC0-301F-11D3-BF4B-00C04F79EFBC}") = "DatabaseConverter", "CliTools\DatabaseConverter\DatabaseConverter.csproj", "{AED51515-37B5-4549-AB70-2A624083E86B}"
EndProject
Project("{FAE04EC0-301F-11D3-BF4B-00C04F79EFBC}") = "FarcPack", "CliTools\FarcPack\FarcPack.csproj", "{D27E2934-CDF4-4735-B92E-02705DCB1310}"
EndProject
Project("{8BC9CEB8-8B4A-11D0-8D11-00A0C91BC942}") = "MikuMikuLibrary.Native", "MikuMikuLibrary.Native\MikuMikuLibrary.Native.vcxproj", "{2C3B66BB-F1A9-4513-AB63-570D7687C6A7}"
EndProject
Global
	GlobalSection(SolutionConfigurationPlatforms) = preSolution
		Debug|Any CPU = Debug|Any CPU
		Release|Any CPU = Release|Any CPU
	EndGlobalSection
	GlobalSection(ProjectConfigurationPlatforms) = postSolution
		{9C7171CA-7379-458F-A9CA-293BBF2C74DC}.Debug|Any CPU.ActiveCfg = Debug|Any CPU
		{9C7171CA-7379-458F-A9CA-293BBF2C74DC}.Debug|Any CPU.Build.0 = Debug|Any CPU
		{9C7171CA-7379-458F-A9CA-293BBF2C74DC}.Release|Any CPU.ActiveCfg = Release|Any CPU
		{9C7171CA-7379-458F-A9CA-293BBF2C74DC}.Release|Any CPU.Build.0 = Release|Any CPU
		{C79FAC4B-D1DD-4F2D-BC92-A72C00E07931}.Debug|Any CPU.ActiveCfg = Debug|Any CPU
		{C79FAC4B-D1DD-4F2D-BC92-A72C00E07931}.Debug|Any CPU.Build.0 = Debug|Any CPU
		{C79FAC4B-D1DD-4F2D-BC92-A72C00E07931}.Release|Any CPU.ActiveCfg = Release|Any CPU
		{C79FAC4B-D1DD-4F2D-BC92-A72C00E07931}.Release|Any CPU.Build.0 = Release|Any CPU
		{AED51515-37B5-4549-AB70-2A624083E86B}.Debug|Any CPU.ActiveCfg = Debug|Any CPU
		{AED51515-37B5-4549-AB70-2A624083E86B}.Debug|Any CPU.Build.0 = Debug|Any CPU
		{AED51515-37B5-4549-AB70-2A624083E86B}.Release|Any CPU.ActiveCfg = Release|Any CPU
		{AED51515-37B5-4549-AB70-2A624083E86B}.Release|Any CPU.Build.0 = Release|Any CPU
		{D27E2934-CDF4-4735-B92E-02705DCB1310}.Debug|Any CPU.ActiveCfg = Debug|Any CPU
		{D27E2934-CDF4-4735-B92E-02705DCB1310}.Debug|Any CPU.Build.0 = Debug|Any CPU
		{D27E2934-CDF4-4735-B92E-02705DCB1310}.Release|Any CPU.ActiveCfg = Release|Any CPU
		{D27E2934-CDF4-4735-B92E-02705DCB1310}.Release|Any CPU.Build.0 = Release|Any CPU
		{2C3B66BB-F1A9-4513-AB63-570D7687C6A7}.Debug|Any CPU.ActiveCfg = Debug|x64
		{2C3B66BB-F1A9-4513-AB63-570D7687C6A7}.Debug|Any CPU.Build.0 = Debug|x64
		{2C3B66BB-F1A9-4513-AB63-570D7687C6A7}.Release|Any CPU.ActiveCfg = Release|x64
		{2C3B66BB-F1A9-4513-AB63-570D7687C6A7}.Release|Any CPU.Build.0 = Release|x64
	EndGlobalSection
	GlobalSection(SolutionProperties) = preSolution
		HideSolutionNode = FALSE
	EndGlobalSection
	GlobalSection(NestedProjects) = preSolution
		{AED51515-37B5-4549-AB70-2A624083E86B} = {A8B4CE90-CD9B-4AFE-AE12-B53838BB02F7}
		{D27E2934-CDF4-4735-B92E-02705DCB1310} = {A8B4CE90-CD9B-4AFE-AE12-B53838BB02F7}
	EndGlobalSection
	GlobalSection(ExtensibilityGlobals) = postSolution
		SolutionGuid = {AB11611B-9F72-4107-B41B-476540FE1329}
	EndGlobalSection
EndGlobal
